// !$*UTF8*$!
{
	archiveVersion = 1;
	classes = {
	};
	objectVersion = 50;
	objects = {

/* Begin PBXBuildFile section */
		81015898226708CC00F5B5CF /* TableViewCell.swift in Sources */ = {isa = PBXBuildFile; fileRef = 81015897226708CC00F5B5CF /* TableViewCell.swift */; };
		815402FA2266BEBF00855E44 /* AppDelegate.swift in Sources */ = {isa = PBXBuildFile; fileRef = 815402F92266BEBF00855E44 /* AppDelegate.swift */; };
		815402FC2266BEBF00855E44 /* ViewController.swift in Sources */ = {isa = PBXBuildFile; fileRef = 815402FB2266BEBF00855E44 /* ViewController.swift */; };
		815402FF2266BEBF00855E44 /* Main.storyboard in Resources */ = {isa = PBXBuildFile; fileRef = 815402FD2266BEBF00855E44 /* Main.storyboard */; };
		815403022266BEBF00855E44 /* QuanliAppSinhVienCoreData.xcdatamodeld in Sources */ = {isa = PBXBuildFile; fileRef = 815403002266BEBF00855E44 /* QuanliAppSinhVienCoreData.xcdatamodeld */; };
		815403042266BEC000855E44 /* Assets.xcassets in Resources */ = {isa = PBXBuildFile; fileRef = 815403032266BEC000855E44 /* Assets.xcassets */; };
		815403072266BEC000855E44 /* LaunchScreen.storyboard in Resources */ = {isa = PBXBuildFile; fileRef = 815403052266BEC000855E44 /* LaunchScreen.storyboard */; };
		8154030F2266CE6A00855E44 /* TableViewController.swift in Sources */ = {isa = PBXBuildFile; fileRef = 8154030E2266CE6A00855E44 /* TableViewController.swift */; };
/* End PBXBuildFile section */

/* Begin PBXFileReference section */
		81015897226708CC00F5B5CF /* TableViewCell.swift */ = {isa = PBXFileReference; lastKnownFileType = sourcecode.swift; path = TableViewCell.swift; sourceTree = "<group>"; };
		815402F62266BEBF00855E44 /* QuanliAppSinhVienCoreData.app */ = {isa = PBXFileReference; explicitFileType = wrapper.application; includeInIndex = 0; path = QuanliAppSinhVienCoreData.app; sourceTree = BUILT_PRODUCTS_DIR; };
		815402F92266BEBF00855E44 /* AppDelegate.swift */ = {isa = PBXFileReference; lastKnownFileType = sourcecode.swift; path = AppDelegate.swift; sourceTree = "<group>"; };
		815402FB2266BEBF00855E44 /* ViewController.swift */ = {isa = PBXFileReference; lastKnownFileType = sourcecode.swift; path = ViewController.swift; sourceTree = "<group>"; };
		815402FE2266BEBF00855E44 /* Base */ = {isa = PBXFileReference; lastKnownFileType = file.storyboard; name = Base; path = Base.lproj/Main.storyboard; sourceTree = "<group>"; };
		815403012266BEBF00855E44 /* QuanliAppSinhVienCoreData.xcdatamodel */ = {isa = PBXFileReference; lastKnownFileType = wrapper.xcdatamodel; path = QuanliAppSinhVienCoreData.xcdatamodel; sourceTree = "<group>"; };
		815403032266BEC000855E44 /* Assets.xcassets */ = {isa = PBXFileReference; lastKnownFileType = folder.assetcatalog; path = Assets.xcassets; sourceTree = "<group>"; };
		815403062266BEC000855E44 /* Base */ = {isa = PBXFileReference; lastKnownFileType = file.storyboard; name = Base; path = Base.lproj/LaunchScreen.storyboard; sourceTree = "<group>"; };
		815403082266BEC000855E44 /* Info.plist */ = {isa = PBXFileReference; lastKnownFileType = text.plist.xml; path = Info.plist; sourceTree = "<group>"; };
		8154030E2266CE6A00855E44 /* TableViewController.swift */ = {isa = PBXFileReference; lastKnownFileType = sourcecode.swift; path = TableViewController.swift; sourceTree = "<group>"; };
/* End PBXFileReference section */

/* Begin PBXFrameworksBuildPhase section */
		815402F32266BEBF00855E44 /* Frameworks */ = {
			isa = PBXFrameworksBuildPhase;
			buildActionMask = 2147483647;
			files = (
			);
			runOnlyForDeploymentPostprocessing = 0;
		};
/* End PBXFrameworksBuildPhase section */

/* Begin PBXGroup section */
		815402ED2266BEBF00855E44 = {
			isa = PBXGroup;
			children = (
				815402F82266BEBF00855E44 /* QuanliAppSinhVienCoreData */,
				815402F72266BEBF00855E44 /* Products */,
			);
			sourceTree = "<group>";
		};
		815402F72266BEBF00855E44 /* Products */ = {
			isa = PBXGroup;
			children = (
				815402F62266BEBF00855E44 /* QuanliAppSinhVienCoreData.app */,
			);
			name = Products;
			sourceTree = "<group>";
		};
		815402F82266BEBF00855E44 /* QuanliAppSinhVienCoreData */ = {
			isa = PBXGroup;
			children = (
				815402F92266BEBF00855E44 /* AppDelegate.swift */,
				815402FB2266BEBF00855E44 /* ViewController.swift */,
				815402FD2266BEBF00855E44 /* Main.storyboard */,
				8154030E2266CE6A00855E44 /* TableViewController.swift */,
				81015897226708CC00F5B5CF /* TableViewCell.swift */,
				815403032266BEC000855E44 /* Assets.xcassets */,
				815403052266BEC000855E44 /* LaunchScreen.storyboard */,
				815403082266BEC000855E44 /* Info.plist */,
				815403002266BEBF00855E44 /* QuanliAppSinhVienCoreData.xcdatamodeld */,
			);
			path = QuanliAppSinhVienCoreData;
			sourceTree = "<group>";
		};
/* End PBXGroup section */

/* Begin PBXNativeTarget section */
		815402F52266BEBF00855E44 /* QuanliAppSinhVienCoreData */ = {
			isa = PBXNativeTarget;
			buildConfigurationList = 8154030B2266BEC000855E44 /* Build configuration list for PBXNativeTarget "QuanliAppSinhVienCoreData" */;
			buildPhases = (
				815402F22266BEBF00855E44 /* Sources */,
				815402F32266BEBF00855E44 /* Frameworks */,
				815402F42266BEBF00855E44 /* Resources */,
			);
			buildRules = (
			);
			dependencies = (
			);
			name = QuanliAppSinhVienCoreData;
			productName = QuanliAppSinhVienCoreData;
			productReference = 815402F62266BEBF00855E44 /* QuanliAppSinhVienCoreData.app */;
			productType = "com.apple.product-type.application";
		};
/* End PBXNativeTarget section */

/* Begin PBXProject section */
		815402EE2266BEBF00855E44 /* Project object */ = {
			isa = PBXProject;
			attributes = {
				LastSwiftUpdateCheck = 1020;
				LastUpgradeCheck = 1020;
				ORGANIZATIONNAME = Boss;
				TargetAttributes = {
					815402F52266BEBF00855E44 = {
						CreatedOnToolsVersion = 10.2;
					};
				};
			};
			buildConfigurationList = 815402F12266BEBF00855E44 /* Build configuration list for PBXProject "QuanliAppSinhVienCoreData" */;
			compatibilityVersion = "Xcode 9.3";
			developmentRegion = en;
			hasScannedForEncodings = 0;
			knownRegions = (
				en,
				Base,
			);
			mainGroup = 815402ED2266BEBF00855E44;
			productRefGroup = 815402F72266BEBF00855E44 /* Products */;
			projectDirPath = "";
			projectRoot = "";
			targets = (
				815402F52266BEBF00855E44 /* QuanliAppSinhVienCoreData */,
			);
		};
/* End PBXProject section */

/* Begin PBXResourcesBuildPhase section */
		815402F42266BEBF00855E44 /* Resources */ = {
			isa = PBXResourcesBuildPhase;
			buildActionMask = 2147483647;
			files = (
				815403072266BEC000855E44 /* LaunchScreen.storyboard in Resources */,
				815403042266BEC000855E44 /* Assets.xcassets in Resources */,
				815402FF2266BEBF00855E44 /* Main.storyboard in Resources */,
			);
			runOnlyForDeploymentPostprocessing = 0;
		};
/* End PBXResourcesBuildPhase section */

/* Begin PBXSourcesBuildPhase section */
		815402F22266BEBF00855E44 /* Sources */ = {
			isa = PBXSourcesBuildPhase;
			buildActionMask = 2147483647;
			files = (
				81015898226708CC00F5B5CF /* TableViewCell.swift in Sources */,
				815403022266BEBF00855E44 /* QuanliAppSinhVienCoreData.xcdatamodeld in Sources */,
				815402FC2266BEBF00855E44 /* ViewController.swift in Sources */,
				815402FA2266BEBF00855E44 /* AppDelegate.swift in Sources */,
				8154030F2266CE6A00855E44 /* TableViewController.swift in Sources */,
			);
			runOnlyForDeploymentPostprocessing = 0;
		};
/* End PBXSourcesBuildPhase section */

/* Begin PBXVariantGroup section */
		815402FD2266BEBF00855E44 /* Main.storyboard */ = {
			isa = PBXVariantGroup;
			children = (
				815402FE2266BEBF00855E44 /* Base */,
			);
			name = Main.storyboard;
			sourceTree = "<group>";
		};
		815403052266BEC000855E44 /* LaunchScreen.storyboard */ = {
			isa = PBXVariantGroup;
			children = (
				815403062266BEC000855E44 /* Base */,
			);
			name = LaunchScreen.storyboard;
			sourceTree = "<group>";
		};
/* End PBXVariantGroup section */

/* Begin XCBuildConfiguration section */
		815403092266BEC000855E44 /* Debug */ = {
			isa = XCBuildConfiguration;
			buildSettings = {
				ALWAYS_SEARCH_USER_PATHS = NO;
				CLANG_ANALYZER_NONNULL = YES;
				CLANG_ANALYZER_NUMBER_OBJECT_CONVERSION = YES_AGGRESSIVE;
				CLANG_CXX_LANGUAGE_STANDARD = "gnu++14";
				CLANG_CXX_LIBRARY = "libc++";
				CLANG_ENABLE_MODULES = YES;
				CLANG_ENABLE_OBJC_ARC = YES;
				CLANG_ENABLE_OBJC_WEAK = YES;
				CLANG_WARN_BLOCK_CAPTURE_AUTORELEASING = YES;
				CLANG_WARN_BOOL_CONVERSION = YES;
				CLANG_WARN_COMMA = YES;
				CLANG_WARN_CONSTANT_CONVERSION = YES;
				CLANG_WARN_DEPRECATED_OBJC_IMPLEMENTATIONS = YES;
				CLANG_WARN_DIRECT_OBJC_ISA_USAGE = YES_ERROR;
				CLANG_WARN_DOCUMENTATION_COMMENTS = YES;
				CLANG_WARN_EMPTY_BODY = YES;
				CLANG_WARN_ENUM_CONVERSION = YES;
				CLANG_WARN_INFINITE_RECURSION = YES;
				CLANG_WARN_INT_CONVERSION = YES;
				CLANG_WARN_NON_LITERAL_NULL_CONVERSION = YES;
				CLANG_WARN_OBJC_IMPLICIT_RETAIN_SELF = YES;
				CLANG_WARN_OBJC_LITERAL_CONVERSION = YES;
				CLANG_WARN_OBJC_ROOT_CLASS = YES_ERROR;
				CLANG_WARN_RANGE_LOOP_ANALYSIS = YES;
				CLANG_WARN_STRICT_PROTOTYPES = YES;
				CLANG_WARN_SUSPICIOUS_MOVE = YES;
				CLANG_WARN_UNGUARDED_AVAILABILITY = YES_AGGRESSIVE;
				CLANG_WARN_UNREACHABLE_CODE = YES;
				CLANG_WARN__DUPLICATE_METHOD_MATCH = YES;
				CODE_SIGN_IDENTITY = "iPhone Developer";
				COPY_PHASE_STRIP = NO;
				DEBUG_INFORMATION_FORMAT = dwarf;
				ENABLE_STRICT_OBJC_MSGSEND = YES;
				ENABLE_TESTABILITY = YES;
				GCC_C_LANGUAGE_STANDARD = gnu11;
				GCC_DYNAMIC_NO_PIC = NO;
				GCC_NO_COMMON_BLOCKS = YES;
				GCC_OPTIMIZATION_LEVEL = 0;
				GCC_PREPROCESSOR_DEFINITIONS = (
					"DEBUG=1",
					"$(inherited)",
				);
				GCC_WARN_64_TO_32_BIT_CONVERSION = YES;
				GCC_WARN_ABOUT_RETURN_TYPE = YES_ERROR;
				GCC_WARN_UNDECLARED_SELECTOR = YES;
				GCC_WARN_UNINITIALIZED_AUTOS = YES_AGGRESSIVE;
				GCC_WARN_UNUSED_FUNCTION = YES;
				GCC_WARN_UNUSED_VARIABLE = YES;
				IPHONEOS_DEPLOYMENT_TARGET = 12.2;
				MTL_ENABLE_DEBUG_INFO = INCLUDE_SOURCE;
				MTL_FAST_MATH = YES;
				ONLY_ACTIVE_ARCH = YES;
				SDKROOT = iphoneos;
				SWIFT_ACTIVE_COMPILATION_CONDITIONS = DEBUG;
				SWIFT_OPTIMIZATION_LEVEL = "-Onone";
			};
			name = Debug;
		};
		8154030A2266BEC000855E44 /* Release */ = {
			isa = XCBuildConfiguration;
			buildSettings = {
				ALWAYS_SEARCH_USER_PATHS = NO;
				CLANG_ANALYZER_NONNULL = YES;
				CLANG_ANALYZER_NUMBER_OBJECT_CONVERSION = YES_AGGRESSIVE;
				CLANG_CXX_LANGUAGE_STANDARD = "gnu++14";
				CLANG_CXX_LIBRARY = "libc++";
				CLANG_ENABLE_MODULES = YES;
				CLANG_ENABLE_OBJC_ARC = YES;
				CLANG_ENABLE_OBJC_WEAK = YES;
				CLANG_WARN_BLOCK_CAPTURE_AUTORELEASING = YES;
				CLANG_WARN_BOOL_CONVERSION = YES;
				CLANG_WARN_COMMA = YES;
				CLANG_WARN_CONSTANT_CONVERSION = YES;
				CLANG_WARN_DEPRECATED_OBJC_IMPLEMENTATIONS = YES;
				CLANG_WARN_DIRECT_OBJC_ISA_USAGE = YES_ERROR;
				CLANG_WARN_DOCUMENTATION_COMMENTS = YES;
				CLANG_WARN_EMPTY_BODY = YES;
				CLANG_WARN_ENUM_CONVERSION = YES;
				CLANG_WARN_INFINITE_RECURSION = YES;
				CLANG_WARN_INT_CONVERSION = YES;
				CLANG_WARN_NON_LITERAL_NULL_CONVERSION = YES;
				CLANG_WARN_OBJC_IMPLICIT_RETAIN_SELF = YES;
				CLANG_WARN_OBJC_LITERAL_CONVERSION = YES;
				CLANG_WARN_OBJC_ROOT_CLASS = YES_ERROR;
				CLANG_WARN_RANGE_LOOP_ANALYSIS = YES;
				CLANG_WARN_STRICT_PROTOTYPES = YES;
				CLANG_WARN_SUSPICIOUS_MOVE = YES;
				CLANG_WARN_UNGUARDED_AVAILABILITY = YES_AGGRESSIVE;
				CLANG_WARN_UNREACHABLE_CODE = YES;
				CLANG_WARN__DUPLICATE_METHOD_MATCH = YES;
				CODE_SIGN_IDENTITY = "iPhone Developer";
				COPY_PHASE_STRIP = NO;
				DEBUG_INFORMATION_FORMAT = "dwarf-with-dsym";
				ENABLE_NS_ASSERTIONS = NO;
				ENABLE_STRICT_OBJC_MSGSEND = YES;
				GCC_C_LANGUAGE_STANDARD = gnu11;
				GCC_NO_COMMON_BLOCKS = YES;
				GCC_WARN_64_TO_32_BIT_CONVERSION = YES;
				GCC_WARN_ABOUT_RETURN_TYPE = YES_ERROR;
				GCC_WARN_UNDECLARED_SELECTOR = YES;
				GCC_WARN_UNINITIALIZED_AUTOS = YES_AGGRESSIVE;
				GCC_WARN_UNUSED_FUNCTION = YES;
				GCC_WARN_UNUSED_VARIABLE = YES;
				IPHONEOS_DEPLOYMENT_TARGET = 12.2;
				MTL_ENABLE_DEBUG_INFO = NO;
				MTL_FAST_MATH = YES;
				SDKROOT = iphoneos;
				SWIFT_COMPILATION_MODE = wholemodule;
				SWIFT_OPTIMIZATION_LEVEL = "-O";
				VALIDATE_PRODUCT = YES;
			};
			name = Release;
		};
		8154030C2266BEC000855E44 /* Debug */ = {
			isa = XCBuildConfiguration;
			buildSettings = {
				ASSETCATALOG_COMPILER_APPICON_NAME = AppIcon;
				CODE_SIGN_STYLE = Automatic;
				INFOPLIST_FILE = QuanliAppSinhVienCoreData/Info.plist;
				IPHONEOS_DEPLOYMENT_TARGET = 12.2;
				LD_RUNPATH_SEARCH_PATHS = (
					"$(inherited)",
					"@executable_path/Frameworks",
				);
				PRODUCT_BUNDLE_IDENTIFIER = cherry.QuanliAppSinhVienCoreData;
				PRODUCT_NAME = "$(TARGET_NAME)";
				SWIFT_VERSION = 5.0;
				TARGETED_DEVICE_FAMILY = "1,2";
			};
			name = Debug;
		};
		8154030D2266BEC000855E44 /* Release */ = {
			isa = XCBuildConfiguration;
			buildSettings = {
				ASSETCATALOG_COMPILER_APPICON_NAME = AppIcon;
				CODE_SIGN_STYLE = Automatic;
				INFOPLIST_FILE = QuanliAppSinhVienCoreData/Info.plist;
				IPHONEOS_DEPLOYMENT_TARGET = 12.2;
				LD_RUNPATH_SEARCH_PATHS = (
					"$(inherited)",
					"@executable_path/Frameworks",
				);
				PRODUCT_BUNDLE_IDENTIFIER = cherry.QuanliAppSinhVienCoreData;
				PRODUCT_NAME = "$(TARGET_NAME)";
				SWIFT_VERSION = 5.0;
				TARGETED_DEVICE_FAMILY = "1,2";
			};
			name = Release;
		};
/* End XCBuildConfiguration section */

/* Begin XCConfigurationList section */
		815402F12266BEBF00855E44 /* Build configuration list for PBXProject "QuanliAppSinhVienCoreData" */ = {
			isa = XCConfigurationList;
			buildConfigurations = (
				815403092266BEC000855E44 /* Debug */,
				8154030A2266BEC000855E44 /* Release */,
			);
			defaultConfigurationIsVisible = 0;
			defaultConfigurationName = Release;
		};
		8154030B2266BEC000855E44 /* Build configuration list for PBXNativeTarget "QuanliAppSinhVienCoreData" */ = {
			isa = XCConfigurationList;
			buildConfigurations = (
				8154030C2266BEC000855E44 /* Debug */,
				8154030D2266BEC000855E44 /* Release */,
			);
			defaultConfigurationIsVisible = 0;
			defaultConfigurationName = Release;
		};
/* End XCConfigurationList section */

/* Begin XCVersionGroup section */
		815403002266BEBF00855E44 /* QuanliAppSinhVienCoreData.xcdatamodeld */ = {
			isa = XCVersionGroup;
			children = (
				815403012266BEBF00855E44 /* QuanliAppSinhVienCoreData.xcdatamodel */,
			);
			currentVersion = 815403012266BEBF00855E44 /* QuanliAppSinhVienCoreData.xcdatamodel */;
			path = QuanliAppSinhVienCoreData.xcdatamodeld;
			sourceTree = "<group>";
			versionGroupType = wrapper.xcdatamodel;
		};
/* End XCVersionGroup section */
	};
	rootObject = 815402EE2266BEBF00855E44 /* Project object */;
}
